
Microsoft Visual Studio Solution File, Format Version 12.00
Project("{FAE04EC0-301F-11D3-BF4B-00C04F79EFBC}") = "GrpcGreeter", "GrpcGreeter\GrpcGreeter.csproj", "{ECEB67D4-79FD-4AC2-A7BD-F82E3A553D15}"
EndProject
Project("{FAE04EC0-301F-11D3-BF4B-00C04F79EFBC}") = "GrpcGreeterClient", "GrpcGreeterClient\GrpcGreeterClient.csproj", "{CBA2D1A0-015C-4732-B3F9-20AB5FEBC2D8}"
EndProject
Global
	GlobalSection(SolutionConfigurationPlatforms) = preSolution
		Debug|Any CPU = Debug|Any CPU
		Release|Any CPU = Release|Any CPU
	EndGlobalSection
	GlobalSection(ProjectConfigurationPlatforms) = postSolution
		{ECEB67D4-79FD-4AC2-A7BD-F82E3A553D15}.Debug|Any CPU.ActiveCfg = Debug|Any CPU
		{ECEB67D4-79FD-4AC2-A7BD-F82E3A553D15}.Debug|Any CPU.Build.0 = Debug|Any CPU
		{ECEB67D4-79FD-4AC2-A7BD-F82E3A553D15}.Release|Any CPU.ActiveCfg = Release|Any CPU
		{ECEB67D4-79FD-4AC2-A7BD-F82E3A553D15}.Release|Any CPU.Build.0 = Release|Any CPU
		{CBA2D1A0-015C-4732-B3F9-20AB5FEBC2D8}.Debug|Any CPU.ActiveCfg = Debug|Any CPU
		{CBA2D1A0-015C-4732-B3F9-20AB5FEBC2D8}.Debug|Any CPU.Build.0 = Debug|Any CPU
		{CBA2D1A0-015C-4732-B3F9-20AB5FEBC2D8}.Release|Any CPU.ActiveCfg = Release|Any CPU
		{CBA2D1A0-015C-4732-B3F9-20AB5FEBC2D8}.Release|Any CPU.Build.0 = Release|Any CPU
	EndGlobalSection
EndGlobal
